// !$*UTF8*$!
{
	archiveVersion = 1;
	classes = {
	};
	objectVersion = 55;
	objects = {

/* Begin PBXBuildFile section */
		3AA4CEEF2FCC6468004BFB95 /* Assets.xcassets in Resources */ = {isa = PBXBuildFile; fileRef = 3AA4CEEE2FCC6468004BFB95 /* Assets.xcassets */; };
		3AA4CEF22FCC6468004BFB95 /* Preview Assets.xcassets in Resources */ = {isa = PBXBuildFile; fileRef = 3AA4CEF12FCC6468004BFB95 /* Preview Assets.xcassets */; };
		CAFE02000000000000000000 /* App/RootView.swift in Sources */ = {isa = PBXBuildFile; fileRef = CAFE01000000000000000000 /* App/RootView.swift */; };
		CAFE02000000000000000001 /* DesignSystem/BirdGlyph.swift in Sources */ = {isa = PBXBuildFile; fileRef = CAFE01000000000000000001 /* DesignSystem/BirdGlyph.swift */; };
		CAFE02000000000000000002 /* DesignSystem/Charts.swift in Sources */ = {isa = PBXBuildFile; fileRef = CAFE01000000000000000002 /* DesignSystem/Charts.swift */; };
		CAFE02000000000000000003 /* DesignSystem/Components.swift in Sources */ = {isa = PBXBuildFile; fileRef = CAFE01000000000000000003 /* DesignSystem/Components.swift */; };
		CAFE02000000000000000004 /* DesignSystem/Theme.swift in Sources */ = {isa = PBXBuildFile; fileRef = CAFE01000000000000000004 /* DesignSystem/Theme.swift */; };
		CAFE02000000000000000005 /* Models/Models.swift in Sources */ = {isa = PBXBuildFile; fileRef = CAFE01000000000000000005 /* Models/Models.swift */; };
		CAFE02000000000000000006 /* NestRouteApp.swift in Sources */ = {isa = PBXBuildFile; fileRef = CAFE01000000000000000006 /* NestRouteApp.swift */; };
		CAFE02000000000000000007 /* Stores/AppSettings.swift in Sources */ = {isa = PBXBuildFile; fileRef = CAFE01000000000000000007 /* Stores/AppSettings.swift */; };
		CAFE02000000000000000008 /* Stores/DataStore.swift in Sources */ = {isa = PBXBuildFile; fileRef = CAFE01000000000000000008 /* Stores/DataStore.swift */; };
		CAFE02000000000000000009 /* Stores/NotificationManager.swift in Sources */ = {isa = PBXBuildFile; fileRef = CAFE01000000000000000009 /* Stores/NotificationManager.swift */; };
		CAFE0200000000000000000A /* ViewModels/FormViewModels.swift in Sources */ = {isa = PBXBuildFile; fileRef = CAFE0100000000000000000A /* ViewModels/FormViewModels.swift */; };
		CAFE0200000000000000000B /* Views/Calendar/CalendarView.swift in Sources */ = {isa = PBXBuildFile; fileRef = CAFE0100000000000000000B /* Views/Calendar/CalendarView.swift */; };
		CAFE0200000000000000000C /* Views/Dashboard/DashboardView.swift in Sources */ = {isa = PBXBuildFile; fileRef = CAFE0100000000000000000C /* Views/Dashboard/DashboardView.swift */; };
		CAFE0200000000000000000D /* Views/Groups/AddGroupView.swift in Sources */ = {isa = PBXBuildFile; fileRef = CAFE0100000000000000000D /* Views/Groups/AddGroupView.swift */; };
		CAFE0200000000000000000E /* Views/Groups/GroupDetailView.swift in Sources */ = {isa = PBXBuildFile; fileRef = CAFE0100000000000000000E /* Views/Groups/GroupDetailView.swift */; };
		CAFE0200000000000000000F /* Views/Groups/GroupsListView.swift in Sources */ = {isa = PBXBuildFile; fileRef = CAFE0100000000000000000F /* Views/Groups/GroupsListView.swift */; };
		CAFE02000000000000000010 /* Views/History/HistoryView.swift in Sources */ = {isa = PBXBuildFile; fileRef = CAFE01000000000000000010 /* Views/History/HistoryView.swift */; };
		CAFE02000000000000000011 /* Views/Main/MainTabView.swift in Sources */ = {isa = PBXBuildFile; fileRef = CAFE01000000000000000011 /* Views/Main/MainTabView.swift */; };
		CAFE02000000000000000012 /* Views/Notifications/NotificationsView.swift in Sources */ = {isa = PBXBuildFile; fileRef = CAFE01000000000000000012 /* Views/Notifications/NotificationsView.swift */; };
		CAFE02000000000000000013 /* Views/Onboarding/OnboardingView.swift in Sources */ = {isa = PBXBuildFile; fileRef = CAFE01000000000000000013 /* Views/Onboarding/OnboardingView.swift */; };
		CAFE02000000000000000014 /* Views/Recommendations/RecommendationsView.swift in Sources */ = {isa = PBXBuildFile; fileRef = CAFE01000000000000000014 /* Views/Recommendations/RecommendationsView.swift */; };
		CAFE02000000000000000015 /* Views/Reports/ReportsView.swift in Sources */ = {isa = PBXBuildFile; fileRef = CAFE01000000000000000015 /* Views/Reports/ReportsView.swift */; };
		CAFE02000000000000000016 /* Views/Reports/TrendsView.swift in Sources */ = {isa = PBXBuildFile; fileRef = CAFE01000000000000000016 /* Views/Reports/TrendsView.swift */; };
		CAFE02000000000000000017 /* Views/Routes/AddRecordView.swift in Sources */ = {isa = PBXBuildFile; fileRef = CAFE01000000000000000017 /* Views/Routes/AddRecordView.swift */; };
		CAFE02000000000000000018 /* Views/Routes/AddRouteView.swift in Sources */ = {isa = PBXBuildFile; fileRef = CAFE01000000000000000018 /* Views/Routes/AddRouteView.swift */; };
		CAFE02000000000000000019 /* Views/Routes/RouteDetailsView.swift in Sources */ = {isa = PBXBuildFile; fileRef = CAFE01000000000000000019 /* Views/Routes/RouteDetailsView.swift */; };
		CAFE0200000000000000001A /* Views/Routes/RoutePlannerView.swift in Sources */ = {isa = PBXBuildFile; fileRef = CAFE0100000000000000001A /* Views/Routes/RoutePlannerView.swift */; };
		CAFE0200000000000000001B /* Views/Routes/RoutesListView.swift in Sources */ = {isa = PBXBuildFile; fileRef = CAFE0100000000000000001B /* Views/Routes/RoutesListView.swift */; };
		CAFE0200000000000000001C /* Views/Settings/SettingsView.swift in Sources */ = {isa = PBXBuildFile; fileRef = CAFE0100000000000000001C /* Views/Settings/SettingsView.swift */; };
		CAFE0200000000000000001D /* Views/Shared/Chrome.swift in Sources */ = {isa = PBXBuildFile; fileRef = CAFE0100000000000000001D /* Views/Shared/Chrome.swift */; };
		CAFE0200000000000000001E /* Views/Shared/FormControls.swift in Sources */ = {isa = PBXBuildFile; fileRef = CAFE0100000000000000001E /* Views/Shared/FormControls.swift */; };
		CAFE0200000000000000001F /* Views/Shared/Formatters.swift in Sources */ = {isa = PBXBuildFile; fileRef = CAFE0100000000000000001F /* Views/Shared/Formatters.swift */; };
		CAFE02000000000000000020 /* Views/Splash/LaunchView.swift in Sources */ = {isa = PBXBuildFile; fileRef = CAFE01000000000000000020 /* Views/Splash/LaunchView.swift */; };
		CAFE02000000000000000021 /* Views/Stops/AddStopView.swift in Sources */ = {isa = PBXBuildFile; fileRef = CAFE01000000000000000021 /* Views/Stops/AddStopView.swift */; };
		CAFE02000000000000000022 /* Views/Stops/StopsListView.swift in Sources */ = {isa = PBXBuildFile; fileRef = CAFE01000000000000000022 /* Views/Stops/StopsListView.swift */; };
		CAFE02000000000000000023 /* Views/Tasks/TasksView.swift in Sources */ = {isa = PBXBuildFile; fileRef = CAFE01000000000000000023 /* Views/Tasks/TasksView.swift */; };
/* End PBXBuildFile section */

/* Begin PBXFileReference section */
		3AA4CEE72FCC6466004BFB95 /* NestRoute.app */ = {isa = PBXFileReference; explicitFileType = wrapper.application; includeInIndex = 0; path = NestRoute.app; sourceTree = BUILT_PRODUCTS_DIR; };
		3AA4CEEE2FCC6468004BFB95 /* Assets.xcassets */ = {isa = PBXFileReference; lastKnownFileType = folder.assetcatalog; path = Assets.xcassets; sourceTree = "<group>"; };
		3AA4CEF12FCC6468004BFB95 /* Preview Assets.xcassets */ = {isa = PBXFileReference; lastKnownFileType = folder.assetcatalog; path = "Preview Assets.xcassets"; sourceTree = "<group>"; };
		3AA4CEF82FCC647B004BFB95 /* NestRoute.entitlements */ = {isa = PBXFileReference; lastKnownFileType = text.plist.entitlements; path = NestRoute.entitlements; sourceTree = "<group>"; };
		3AA4CEF92FCC647E004BFB95 /* Info.plist */ = {isa = PBXFileReference; lastKnownFileType = text.plist; path = Info.plist; sourceTree = "<group>"; };
		CAFE01000000000000000000 /* App/RootView.swift */ = {isa = PBXFileReference; lastKnownFileType = sourcecode.swift; path = App/RootView.swift; sourceTree = "<group>"; };
		CAFE01000000000000000001 /* DesignSystem/BirdGlyph.swift */ = {isa = PBXFileReference; lastKnownFileType = sourcecode.swift; path = DesignSystem/BirdGlyph.swift; sourceTree = "<group>"; };
		CAFE01000000000000000002 /* DesignSystem/Charts.swift */ = {isa = PBXFileReference; lastKnownFileType = sourcecode.swift; path = DesignSystem/Charts.swift; sourceTree = "<group>"; };
		CAFE01000000000000000003 /* DesignSystem/Components.swift */ = {isa = PBXFileReference; lastKnownFileType = sourcecode.swift; path = DesignSystem/Components.swift; sourceTree = "<group>"; };
		CAFE01000000000000000004 /* DesignSystem/Theme.swift */ = {isa = PBXFileReference; lastKnownFileType = sourcecode.swift; path = DesignSystem/Theme.swift; sourceTree = "<group>"; };
		CAFE01000000000000000005 /* Models/Models.swift */ = {isa = PBXFileReference; lastKnownFileType = sourcecode.swift; path = Models/Models.swift; sourceTree = "<group>"; };
		CAFE01000000000000000006 /* NestRouteApp.swift */ = {isa = PBXFileReference; lastKnownFileType = sourcecode.swift; path = NestRouteApp.swift; sourceTree = "<group>"; };
		CAFE01000000000000000007 /* Stores/AppSettings.swift */ = {isa = PBXFileReference; lastKnownFileType = sourcecode.swift; path = Stores/AppSettings.swift; sourceTree = "<group>"; };
		CAFE01000000000000000008 /* Stores/DataStore.swift */ = {isa = PBXFileReference; lastKnownFileType = sourcecode.swift; path = Stores/DataStore.swift; sourceTree = "<group>"; };
		CAFE01000000000000000009 /* Stores/NotificationManager.swift */ = {isa = PBXFileReference; lastKnownFileType = sourcecode.swift; path = Stores/NotificationManager.swift; sourceTree = "<group>"; };
		CAFE0100000000000000000A /* ViewModels/FormViewModels.swift */ = {isa = PBXFileReference; lastKnownFileType = sourcecode.swift; path = ViewModels/FormViewModels.swift; sourceTree = "<group>"; };
		CAFE0100000000000000000B /* Views/Calendar/CalendarView.swift */ = {isa = PBXFileReference; lastKnownFileType = sourcecode.swift; path = Views/Calendar/CalendarView.swift; sourceTree = "<group>"; };
		CAFE0100000000000000000C /* Views/Dashboard/DashboardView.swift */ = {isa = PBXFileReference; lastKnownFileType = sourcecode.swift; path = Views/Dashboard/DashboardView.swift; sourceTree = "<group>"; };
		CAFE0100000000000000000D /* Views/Groups/AddGroupView.swift */ = {isa = PBXFileReference; lastKnownFileType = sourcecode.swift; path = Views/Groups/AddGroupView.swift; sourceTree = "<group>"; };
		CAFE0100000000000000000E /* Views/Groups/GroupDetailView.swift */ = {isa = PBXFileReference; lastKnownFileType = sourcecode.swift; path = Views/Groups/GroupDetailView.swift; sourceTree = "<group>"; };
		CAFE0100000000000000000F /* Views/Groups/GroupsListView.swift */ = {isa = PBXFileReference; lastKnownFileType = sourcecode.swift; path = Views/Groups/GroupsListView.swift; sourceTree = "<group>"; };
		CAFE01000000000000000010 /* Views/History/HistoryView.swift */ = {isa = PBXFileReference; lastKnownFileType = sourcecode.swift; path = Views/History/HistoryView.swift; sourceTree = "<group>"; };
		CAFE01000000000000000011 /* Views/Main/MainTabView.swift */ = {isa = PBXFileReference; lastKnownFileType = sourcecode.swift; path = Views/Main/MainTabView.swift; sourceTree = "<group>"; };
		CAFE01000000000000000012 /* Views/Notifications/NotificationsView.swift */ = {isa = PBXFileReference; lastKnownFileType = sourcecode.swift; path = Views/Notifications/NotificationsView.swift; sourceTree = "<group>"; };
		CAFE01000000000000000013 /* Views/Onboarding/OnboardingView.swift */ = {isa = PBXFileReference; lastKnownFileType = sourcecode.swift; path = Views/Onboarding/OnboardingView.swift; sourceTree = "<group>"; };
		CAFE01000000000000000014 /* Views/Recommendations/RecommendationsView.swift */ = {isa = PBXFileReference; lastKnownFileType = sourcecode.swift; path = Views/Recommendations/RecommendationsView.swift; sourceTree = "<group>"; };
		CAFE01000000000000000015 /* Views/Reports/ReportsView.swift */ = {isa = PBXFileReference; lastKnownFileType = sourcecode.swift; path = Views/Reports/ReportsView.swift; sourceTree = "<group>"; };
		CAFE01000000000000000016 /* Views/Reports/TrendsView.swift */ = {isa = PBXFileReference; lastKnownFileType = sourcecode.swift; path = Views/Reports/TrendsView.swift; sourceTree = "<group>"; };
		CAFE01000000000000000017 /* Views/Routes/AddRecordView.swift */ = {isa = PBXFileReference; lastKnownFileType = sourcecode.swift; path = Views/Routes/AddRecordView.swift; sourceTree = "<group>"; };
		CAFE01000000000000000018 /* Views/Routes/AddRouteView.swift */ = {isa = PBXFileReference; lastKnownFileType = sourcecode.swift; path = Views/Routes/AddRouteView.swift; sourceTree = "<group>"; };
		CAFE01000000000000000019 /* Views/Routes/RouteDetailsView.swift */ = {isa = PBXFileReference; lastKnownFileType = sourcecode.swift; path = Views/Routes/RouteDetailsView.swift; sourceTree = "<group>"; };
		CAFE0100000000000000001A /* Views/Routes/RoutePlannerView.swift */ = {isa = PBXFileReference; lastKnownFileType = sourcecode.swift; path = Views/Routes/RoutePlannerView.swift; sourceTree = "<group>"; };
		CAFE0100000000000000001B /* Views/Routes/RoutesListView.swift */ = {isa = PBXFileReference; lastKnownFileType = sourcecode.swift; path = Views/Routes/RoutesListView.swift; sourceTree = "<group>"; };
		CAFE0100000000000000001C /* Views/Settings/SettingsView.swift */ = {isa = PBXFileReference; lastKnownFileType = sourcecode.swift; path = Views/Settings/SettingsView.swift; sourceTree = "<group>"; };
		CAFE0100000000000000001D /* Views/Shared/Chrome.swift */ = {isa = PBXFileReference; lastKnownFileType = sourcecode.swift; path = Views/Shared/Chrome.swift; sourceTree = "<group>"; };
		CAFE0100000000000000001E /* Views/Shared/FormControls.swift */ = {isa = PBXFileReference; lastKnownFileType = sourcecode.swift; path = Views/Shared/FormControls.swift; sourceTree = "<group>"; };
		CAFE0100000000000000001F /* Views/Shared/Formatters.swift */ = {isa = PBXFileReference; lastKnownFileType = sourcecode.swift; path = Views/Shared/Formatters.swift; sourceTree = "<group>"; };
		CAFE01000000000000000020 /* Views/Splash/LaunchView.swift */ = {isa = PBXFileReference; lastKnownFileType = sourcecode.swift; path = Views/Splash/LaunchView.swift; sourceTree = "<group>"; };
		CAFE01000000000000000021 /* Views/Stops/AddStopView.swift */ = {isa = PBXFileReference; lastKnownFileType = sourcecode.swift; path = Views/Stops/AddStopView.swift; sourceTree = "<group>"; };
		CAFE01000000000000000022 /* Views/Stops/StopsListView.swift */ = {isa = PBXFileReference; lastKnownFileType = sourcecode.swift; path = Views/Stops/StopsListView.swift; sourceTree = "<group>"; };
		CAFE01000000000000000023 /* Views/Tasks/TasksView.swift */ = {isa = PBXFileReference; lastKnownFileType = sourcecode.swift; path = Views/Tasks/TasksView.swift; sourceTree = "<group>"; };
		F8A81E8B2FF50E7B002BC97B /* codemagic.yaml */ = {isa = PBXFileReference; lastKnownFileType = text.yaml; path = codemagic.yaml; sourceTree = "<group>"; };
/* End PBXFileReference section */

/* Begin PBXFrameworksBuildPhase section */
		3AA4CEE42FCC6466004BFB95 /* Frameworks */ = {
			isa = PBXFrameworksBuildPhase;
			buildActionMask = 2147483647;
			files = (
			);
			runOnlyForDeploymentPostprocessing = 0;
		};
/* End PBXFrameworksBuildPhase section */

/* Begin PBXGroup section */
		3AA4CEDE2FCC6466004BFB95 = {
			isa = PBXGroup;
			children = (
				F8A81E8B2FF50E7B002BC97B /* codemagic.yaml */,
				3AA4CEE92FCC6466004BFB95 /* NestRoute */,
				3AA4CEE82FCC6466004BFB95 /* Products */,
			);
			sourceTree = "<group>";
		};
		3AA4CEE82FCC6466004BFB95 /* Products */ = {
			isa = PBXGroup;
			children = (
				3AA4CEE72FCC6466004BFB95 /* NestRoute.app */,
			);
			name = Products;
			sourceTree = "<group>";
		};
		3AA4CEE92FCC6466004BFB95 /* NestRoute */ = {
			isa = PBXGroup;
			children = (
				3AA4CEF92FCC647E004BFB95 /* Info.plist */,
				3AA4CEF82FCC647B004BFB95 /* NestRoute.entitlements */,
				3AA4CEEE2FCC6468004BFB95 /* Assets.xcassets */,
				CAFE01000000000000000000 /* App/RootView.swift */,
				CAFE01000000000000000001 /* DesignSystem/BirdGlyph.swift */,
				CAFE01000000000000000002 /* DesignSystem/Charts.swift */,
				CAFE01000000000000000003 /* DesignSystem/Components.swift */,
				CAFE01000000000000000004 /* DesignSystem/Theme.swift */,
				CAFE01000000000000000005 /* Models/Models.swift */,
				CAFE01000000000000000006 /* NestRouteApp.swift */,
				CAFE01000000000000000007 /* Stores/AppSettings.swift */,
				CAFE01000000000000000008 /* Stores/DataStore.swift */,
				CAFE01000000000000000009 /* Stores/NotificationManager.swift */,
				CAFE0100000000000000000A /* ViewModels/FormViewModels.swift */,
				CAFE0100000000000000000B /* Views/Calendar/CalendarView.swift */,
				CAFE0100000000000000000C /* Views/Dashboard/DashboardView.swift */,
				CAFE0100000000000000000D /* Views/Groups/AddGroupView.swift */,
				CAFE0100000000000000000E /* Views/Groups/GroupDetailView.swift */,
				CAFE0100000000000000000F /* Views/Groups/GroupsListView.swift */,
				CAFE01000000000000000010 /* Views/History/HistoryView.swift */,
				CAFE01000000000000000011 /* Views/Main/MainTabView.swift */,
				CAFE01000000000000000012 /* Views/Notifications/NotificationsView.swift */,
				CAFE01000000000000000013 /* Views/Onboarding/OnboardingView.swift */,
				CAFE01000000000000000014 /* Views/Recommendations/RecommendationsView.swift */,
				CAFE01000000000000000015 /* Views/Reports/ReportsView.swift */,
				CAFE01000000000000000016 /* Views/Reports/TrendsView.swift */,
				CAFE01000000000000000017 /* Views/Routes/AddRecordView.swift */,
				CAFE01000000000000000018 /* Views/Routes/AddRouteView.swift */,
				CAFE01000000000000000019 /* Views/Routes/RouteDetailsView.swift */,
				CAFE0100000000000000001A /* Views/Routes/RoutePlannerView.swift */,
				CAFE0100000000000000001B /* Views/Routes/RoutesListView.swift */,
				CAFE0100000000000000001C /* Views/Settings/SettingsView.swift */,
				CAFE0100000000000000001D /* Views/Shared/Chrome.swift */,
				CAFE0100000000000000001E /* Views/Shared/FormControls.swift */,
				CAFE0100000000000000001F /* Views/Shared/Formatters.swift */,
				CAFE01000000000000000020 /* Views/Splash/LaunchView.swift */,
				CAFE01000000000000000021 /* Views/Stops/AddStopView.swift */,
				CAFE01000000000000000022 /* Views/Stops/StopsListView.swift */,
				CAFE01000000000000000023 /* Views/Tasks/TasksView.swift */,
				3AA4CEF02FCC6468004BFB95 /* Preview Content */,
			);
			path = NestRoute;
			sourceTree = "<group>";
		};
		3AA4CEF02FCC6468004BFB95 /* Preview Content */ = {
			isa = PBXGroup;
			children = (
				3AA4CEF12FCC6468004BFB95 /* Preview Assets.xcassets */,
			);
			path = "Preview Content";
			sourceTree = "<group>";
		};
/* End PBXGroup section */

/* Begin PBXNativeTarget section */
		3AA4CEE62FCC6466004BFB95 /* NestRoute */ = {
			isa = PBXNativeTarget;
			buildConfigurationList = 3AA4CEF52FCC6468004BFB95 /* Build configuration list for PBXNativeTarget "NestRoute" */;
			buildPhases = (
				3AA4CEE32FCC6466004BFB95 /* Sources */,
				3AA4CEE42FCC6466004BFB95 /* Frameworks */,
				3AA4CEE52FCC6466004BFB95 /* Resources */,
			);
			buildRules = (
			);
			dependencies = (
			);
			name = NestRoute;
			productName = NestRoute;
			productReference = 3AA4CEE72FCC6466004BFB95 /* NestRoute.app */;
			productType = "com.apple.product-type.application";
		};
/* End PBXNativeTarget section */

/* Begin PBXProject section */
		3AA4CEDF2FCC6466004BFB95 /* Project object */ = {
			isa = PBXProject;
			attributes = {
				BuildIndependentTargetsInParallel = 1;
				LastSwiftUpdateCheck = 1340;
				LastUpgradeCheck = 1340;
				TargetAttributes = {
					3AA4CEE62FCC6466004BFB95 = {
						CreatedOnToolsVersion = 13.4.1;
					};
				};
			};
			buildConfigurationList = 3AA4CEE22FCC6466004BFB95 /* Build configuration list for PBXProject "NestRoute" */;
			compatibilityVersion = "Xcode 13.0";
			developmentRegion = en;
			hasScannedForEncodings = 0;
			knownRegions = (
				en,
				Base,
			);
			mainGroup = 3AA4CEDE2FCC6466004BFB95;
			productRefGroup = 3AA4CEE82FCC6466004BFB95 /* Products */;
			projectDirPath = "";
			projectRoot = "";
			targets = (
				3AA4CEE62FCC6466004BFB95 /* NestRoute */,
			);
		};
/* End PBXProject section */

/* Begin PBXResourcesBuildPhase section */
		3AA4CEE52FCC6466004BFB95 /* Resources */ = {
			isa = PBXResourcesBuildPhase;
			buildActionMask = 2147483647;
			files = (
				3AA4CEF22FCC6468004BFB95 /* Preview Assets.xcassets in Resources */,
				3AA4CEEF2FCC6468004BFB95 /* Assets.xcassets in Resources */,
			);
			runOnlyForDeploymentPostprocessing = 0;
		};
/* End PBXResourcesBuildPhase section */

/* Begin PBXSourcesBuildPhase section */
		3AA4CEE32FCC6466004BFB95 /* Sources */ = {
			isa = PBXSourcesBuildPhase;
			buildActionMask = 2147483647;
			files = (
				CAFE02000000000000000000 /* App/RootView.swift in Sources */,
				CAFE02000000000000000001 /* DesignSystem/BirdGlyph.swift in Sources */,
				CAFE02000000000000000002 /* DesignSystem/Charts.swift in Sources */,
				CAFE02000000000000000003 /* DesignSystem/Components.swift in Sources */,
				CAFE02000000000000000004 /* DesignSystem/Theme.swift in Sources */,
				CAFE02000000000000000005 /* Models/Models.swift in Sources */,
				CAFE02000000000000000006 /* NestRouteApp.swift in Sources */,
				CAFE02000000000000000007 /* Stores/AppSettings.swift in Sources */,
				CAFE02000000000000000008 /* Stores/DataStore.swift in Sources */,
				CAFE02000000000000000009 /* Stores/NotificationManager.swift in Sources */,
				CAFE0200000000000000000A /* ViewModels/FormViewModels.swift in Sources */,
				CAFE0200000000000000000B /* Views/Calendar/CalendarView.swift in Sources */,
				CAFE0200000000000000000C /* Views/Dashboard/DashboardView.swift in Sources */,
				CAFE0200000000000000000D /* Views/Groups/AddGroupView.swift in Sources */,
				CAFE0200000000000000000E /* Views/Groups/GroupDetailView.swift in Sources */,
				CAFE0200000000000000000F /* Views/Groups/GroupsListView.swift in Sources */,
				CAFE02000000000000000010 /* Views/History/HistoryView.swift in Sources */,
				CAFE02000000000000000011 /* Views/Main/MainTabView.swift in Sources */,
				CAFE02000000000000000012 /* Views/Notifications/NotificationsView.swift in Sources */,
				CAFE02000000000000000013 /* Views/Onboarding/OnboardingView.swift in Sources */,
				CAFE02000000000000000014 /* Views/Recommendations/RecommendationsView.swift in Sources */,
				CAFE02000000000000000015 /* Views/Reports/ReportsView.swift in Sources */,
				CAFE02000000000000000016 /* Views/Reports/TrendsView.swift in Sources */,
				CAFE02000000000000000017 /* Views/Routes/AddRecordView.swift in Sources */,
				CAFE02000000000000000018 /* Views/Routes/AddRouteView.swift in Sources */,
				CAFE02000000000000000019 /* Views/Routes/RouteDetailsView.swift in Sources */,
				CAFE0200000000000000001A /* Views/Routes/RoutePlannerView.swift in Sources */,
				CAFE0200000000000000001B /* Views/Routes/RoutesListView.swift in Sources */,
				CAFE0200000000000000001C /* Views/Settings/SettingsView.swift in Sources */,
				CAFE0200000000000000001D /* Views/Shared/Chrome.swift in Sources */,
				CAFE0200000000000000001E /* Views/Shared/FormControls.swift in Sources */,
				CAFE0200000000000000001F /* Views/Shared/Formatters.swift in Sources */,
				CAFE02000000000000000020 /* Views/Splash/LaunchView.swift in Sources */,
				CAFE02000000000000000021 /* Views/Stops/AddStopView.swift in Sources */,
				CAFE02000000000000000022 /* Views/Stops/StopsListView.swift in Sources */,
				CAFE02000000000000000023 /* Views/Tasks/TasksView.swift in Sources */,
			);
			runOnlyForDeploymentPostprocessing = 0;
		};
/* End PBXSourcesBuildPhase section */

/* Begin XCBuildConfiguration section */
		3AA4CEF32FCC6468004BFB95 /* Debug */ = {
			isa = XCBuildConfiguration;
			buildSettings = {
				ALWAYS_SEARCH_USER_PATHS = NO;
				CLANG_ANALYZER_NONNULL = YES;
				CLANG_ANALYZER_NUMBER_OBJECT_CONVERSION = YES_AGGRESSIVE;
				CLANG_CXX_LANGUAGE_STANDARD = "gnu++17";
				CLANG_ENABLE_MODULES = YES;
				CLANG_ENABLE_OBJC_ARC = YES;
				CLANG_ENABLE_OBJC_WEAK = YES;
				CLANG_WARN_BLOCK_CAPTURE_AUTORELEASING = YES;
				CLANG_WARN_BOOL_CONVERSION = YES;
				CLANG_WARN_COMMA = YES;
				CLANG_WARN_CONSTANT_CONVERSION = YES;
				CLANG_WARN_DEPRECATED_OBJC_IMPLEMENTATIONS = YES;
				CLANG_WARN_DIRECT_OBJC_ISA_USAGE = YES_ERROR;
				CLANG_WARN_DOCUMENTATION_COMMENTS = YES;
				CLANG_WARN_EMPTY_BODY = YES;
				CLANG_WARN_ENUM_CONVERSION = YES;
				CLANG_WARN_INFINITE_RECURSION = YES;
				CLANG_WARN_INT_CONVERSION = YES;
				CLANG_WARN_NON_LITERAL_NULL_CONVERSION = YES;
				CLANG_WARN_OBJC_IMPLICIT_RETAIN_SELF = YES;
				CLANG_WARN_OBJC_LITERAL_CONVERSION = YES;
				CLANG_WARN_OBJC_ROOT_CLASS = YES_ERROR;
				CLANG_WARN_QUOTED_INCLUDE_IN_FRAMEWORK_HEADER = YES;
				CLANG_WARN_RANGE_LOOP_ANALYSIS = YES;
				CLANG_WARN_STRICT_PROTOTYPES = YES;
				CLANG_WARN_SUSPICIOUS_MOVE = YES;
				CLANG_WARN_UNGUARDED_AVAILABILITY = YES_AGGRESSIVE;
				CLANG_WARN_UNREACHABLE_CODE = YES;
				CLANG_WARN__DUPLICATE_METHOD_MATCH = YES;
				COPY_PHASE_STRIP = NO;
				DEBUG_INFORMATION_FORMAT = dwarf;
				ENABLE_STRICT_OBJC_MSGSEND = YES;
				ENABLE_TESTABILITY = YES;
				GCC_C_LANGUAGE_STANDARD = gnu11;
				GCC_DYNAMIC_NO_PIC = NO;
				GCC_NO_COMMON_BLOCKS = YES;
				GCC_OPTIMIZATION_LEVEL = 0;
				GCC_PREPROCESSOR_DEFINITIONS = (
					"DEBUG=1",
					"$(inherited)",
				);
				GCC_WARN_64_TO_32_BIT_CONVERSION = YES;
				GCC_WARN_ABOUT_RETURN_TYPE = YES_ERROR;
				GCC_WARN_UNDECLARED_SELECTOR = YES;
				GCC_WARN_UNINITIALIZED_AUTOS = YES_AGGRESSIVE;
				GCC_WARN_UNUSED_FUNCTION = YES;
				GCC_WARN_UNUSED_VARIABLE = YES;
				IPHONEOS_DEPLOYMENT_TARGET = 14.0;
				MTL_ENABLE_DEBUG_INFO = INCLUDE_SOURCE;
				MTL_FAST_MATH = YES;
				ONLY_ACTIVE_ARCH = YES;
				SDKROOT = iphoneos;
				SWIFT_ACTIVE_COMPILATION_CONDITIONS = DEBUG;
				SWIFT_OPTIMIZATION_LEVEL = "-Onone";
			};
			name = Debug;
		};
		3AA4CEF42FCC6468004BFB95 /* Release */ = {
			isa = XCBuildConfiguration;
			buildSettings = {
				ALWAYS_SEARCH_USER_PATHS = NO;
				CLANG_ANALYZER_NONNULL = YES;
				CLANG_ANALYZER_NUMBER_OBJECT_CONVERSION = YES_AGGRESSIVE;
				CLANG_CXX_LANGUAGE_STANDARD = "gnu++17";
				CLANG_ENABLE_MODULES = YES;
				CLANG_ENABLE_OBJC_ARC = YES;
				CLANG_ENABLE_OBJC_WEAK = YES;
				CLANG_WARN_BLOCK_CAPTURE_AUTORELEASING = YES;
				CLANG_WARN_BOOL_CONVERSION = YES;
				CLANG_WARN_COMMA = YES;
				CLANG_WARN_CONSTANT_CONVERSION = YES;
				CLANG_WARN_DEPRECATED_OBJC_IMPLEMENTATIONS = YES;
				CLANG_WARN_DIRECT_OBJC_ISA_USAGE = YES_ERROR;
				CLANG_WARN_DOCUMENTATION_COMMENTS = YES;
				CLANG_WARN_EMPTY_BODY = YES;
				CLANG_WARN_ENUM_CONVERSION = YES;
				CLANG_WARN_INFINITE_RECURSION = YES;
				CLANG_WARN_INT_CONVERSION = YES;
				CLANG_WARN_NON_LITERAL_NULL_CONVERSION = YES;
				CLANG_WARN_OBJC_IMPLICIT_RETAIN_SELF = YES;
				CLANG_WARN_OBJC_LITERAL_CONVERSION = YES;
				CLANG_WARN_OBJC_ROOT_CLASS = YES_ERROR;
				CLANG_WARN_QUOTED_INCLUDE_IN_FRAMEWORK_HEADER = YES;
				CLANG_WARN_RANGE_LOOP_ANALYSIS = YES;
				CLANG_WARN_STRICT_PROTOTYPES = YES;
				CLANG_WARN_SUSPICIOUS_MOVE = YES;
				CLANG_WARN_UNGUARDED_AVAILABILITY = YES_AGGRESSIVE;
				CLANG_WARN_UNREACHABLE_CODE = YES;
				CLANG_WARN__DUPLICATE_METHOD_MATCH = YES;
				COPY_PHASE_STRIP = NO;
				DEBUG_INFORMATION_FORMAT = "dwarf-with-dsym";
				ENABLE_NS_ASSERTIONS = NO;
				ENABLE_STRICT_OBJC_MSGSEND = YES;
				GCC_C_LANGUAGE_STANDARD = gnu11;
				GCC_NO_COMMON_BLOCKS = YES;
				GCC_WARN_64_TO_32_BIT_CONVERSION = YES;
				GCC_WARN_ABOUT_RETURN_TYPE = YES_ERROR;
				GCC_WARN_UNDECLARED_SELECTOR = YES;
				GCC_WARN_UNINITIALIZED_AUTOS = YES_AGGRESSIVE;
				GCC_WARN_UNUSED_FUNCTION = YES;
				GCC_WARN_UNUSED_VARIABLE = YES;
				IPHONEOS_DEPLOYMENT_TARGET = 14.0;
				MTL_ENABLE_DEBUG_INFO = NO;
				MTL_FAST_MATH = YES;
				SDKROOT = iphoneos;
				SWIFT_COMPILATION_MODE = wholemodule;
				SWIFT_OPTIMIZATION_LEVEL = "-O";
				VALIDATE_PRODUCT = YES;
			};
			name = Release;
		};
		3AA4CEF62FCC6468004BFB95 /* Debug */ = {
			isa = XCBuildConfiguration;
			buildSettings = {
				ASSETCATALOG_COMPILER_APPICON_NAME = AppIcon;
				ASSETCATALOG_COMPILER_GLOBAL_ACCENT_COLOR_NAME = AccentColor;
				CODE_SIGN_ENTITLEMENTS = NestRoute/NestRoute.entitlements;
				CODE_SIGN_STYLE = Automatic;
				CURRENT_PROJECT_VERSION = 1;
				DEVELOPMENT_ASSET_PATHS = "\"NestRoute/Preview Content\"";
				ENABLE_PREVIEWS = YES;
				GENERATE_INFOPLIST_FILE = YES;
				INFOPLIST_FILE = NestRoute/Info.plist;
				INFOPLIST_KEY_NSCameraUsageDescription = "Allow to use your camera in this application";
				INFOPLIST_KEY_UIApplicationSceneManifest_Generation = YES;
				INFOPLIST_KEY_UIApplicationSupportsIndirectInputEvents = YES;
				INFOPLIST_KEY_UILaunchScreen_Generation = YES;
				INFOPLIST_KEY_UISupportedInterfaceOrientations_iPad = "UIInterfaceOrientationPortrait UIInterfaceOrientationPortraitUpsideDown UIInterfaceOrientationLandscapeLeft UIInterfaceOrientationLandscapeRight";
				INFOPLIST_KEY_UISupportedInterfaceOrientations_iPhone = "UIInterfaceOrientationPortrait UIInterfaceOrientationLandscapeLeft UIInterfaceOrientationLandscapeRight";
				LD_RUNPATH_SEARCH_PATHS = (
					"$(inherited)",
					"@executable_path/Frameworks",
				);
				MARKETING_VERSION = 1.0;
				PRODUCT_BUNDLE_IDENTIFIER = com.routinenest.NestRoute;
				PRODUCT_NAME = "$(TARGET_NAME)";
				SWIFT_EMIT_LOC_STRINGS = YES;
				SWIFT_VERSION = 5.0;
				TARGETED_DEVICE_FAMILY = "1,2";
			};
			name = Debug;
		};
		3AA4CEF72FCC6468004BFB95 /* Release */ = {
			isa = XCBuildConfiguration;
			buildSettings = {
				ASSETCATALOG_COMPILER_APPICON_NAME = AppIcon;
				ASSETCATALOG_COMPILER_GLOBAL_ACCENT_COLOR_NAME = AccentColor;
				CODE_SIGN_ENTITLEMENTS = NestRoute/NestRoute.entitlements;
				CODE_SIGN_STYLE = Automatic;
				CURRENT_PROJECT_VERSION = 1;
				DEVELOPMENT_ASSET_PATHS = "\"NestRoute/Preview Content\"";
				ENABLE_PREVIEWS = YES;
				GENERATE_INFOPLIST_FILE = YES;
				INFOPLIST_FILE = NestRoute/Info.plist;
				INFOPLIST_KEY_NSCameraUsageDescription = "Allow to use your camera in this application";
				INFOPLIST_KEY_UIApplicationSceneManifest_Generation = YES;
				INFOPLIST_KEY_UIApplicationSupportsIndirectInputEvents = YES;
				INFOPLIST_KEY_UILaunchScreen_Generation = YES;
				INFOPLIST_KEY_UISupportedInterfaceOrientations_iPad = "UIInterfaceOrientationPortrait UIInterfaceOrientationPortraitUpsideDown UIInterfaceOrientationLandscapeLeft UIInterfaceOrientationLandscapeRight";
				INFOPLIST_KEY_UISupportedInterfaceOrientations_iPhone = "UIInterfaceOrientationPortrait UIInterfaceOrientationLandscapeLeft UIInterfaceOrientationLandscapeRight";
				LD_RUNPATH_SEARCH_PATHS = (
					"$(inherited)",
					"@executable_path/Frameworks",
				);
				MARKETING_VERSION = 1.0;
				PRODUCT_BUNDLE_IDENTIFIER = com.routinenest.NestRoute;
				PRODUCT_NAME = "$(TARGET_NAME)";
				SWIFT_EMIT_LOC_STRINGS = YES;
				SWIFT_VERSION = 5.0;
				TARGETED_DEVICE_FAMILY = "1,2";
			};
			name = Release;
		};
/* End XCBuildConfiguration section */

/* Begin XCConfigurationList section */
		3AA4CEE22FCC6466004BFB95 /* Build configuration list for PBXProject "NestRoute" */ = {
			isa = XCConfigurationList;
			buildConfigurations = (
				3AA4CEF32FCC6468004BFB95 /* Debug */,
				3AA4CEF42FCC6468004BFB95 /* Release */,
			);
			defaultConfigurationIsVisible = 0;
			defaultConfigurationName = Release;
		};
		3AA4CEF52FCC6468004BFB95 /* Build configuration list for PBXNativeTarget "NestRoute" */ = {
			isa = XCConfigurationList;
			buildConfigurations = (
				3AA4CEF62FCC6468004BFB95 /* Debug */,
				3AA4CEF72FCC6468004BFB95 /* Release */,
			);
			defaultConfigurationIsVisible = 0;
			defaultConfigurationName = Release;
		};
/* End XCConfigurationList section */
	};
	rootObject = 3AA4CEDF2FCC6466004BFB95 /* Project object */;
}
